
Microsoft Visual Studio Solution File, Format Version 12.00
# Visual Studio 14
VisualStudioVersion = 14.0.25420.1
MinimumVisualStudioVersion = 10.0.40219.1
Project("{2150E333-8FDC-42A3-9474-1A3956D46DE8}") = "01 - Apresentacao", "01 - Apresentacao", "{0ED85BCC-0A35-4387-93F7-20ADB29339E1}"
EndProject
Project("{2150E333-8FDC-42A3-9474-1A3956D46DE8}") = "03 - Negocios", "03 - Negocios", "{976C6526-816C-4750-898E-8A78E626D86F}"
EndProject
Project("{2150E333-8FDC-42A3-9474-1A3956D46DE8}") = "04 - Dados", "04 - Dados", "{F104F24C-5C56-40D2-BF6D-712A406F3DB0}"
EndProject
Project("{2150E333-8FDC-42A3-9474-1A3956D46DE8}") = "01.1 - WebAPI", "01.1 - WebAPI", "{66CC158D-B842-4FD5-B058-9C06C0D859F9}"
EndProject
Project("{FAE04EC0-301F-11D3-BF4B-00C04F79EFBC}") = "GalaxiaWebAPI", "GalaxiaWebAPI\GalaxiaWebAPI.csproj", "{3B74625E-4FB9-4EBD-A604-FC37C486ED34}"
EndProject
Project("{FAE04EC0-301F-11D3-BF4B-00C04F79EFBC}") = "Galaxia.Dados", "Galaxia.Dados\Galaxia.Dados.csproj", "{570D781E-0565-486A-AF76-2FF802D88E75}"
EndProject
Project("{FAE04EC0-301F-11D3-BF4B-00C04F79EFBC}") = "Galaxia.Negocios", "Galaxia.Negocios\Galaxia.Negocios.csproj", "{29B5335C-2F34-499D-9CBE-4D512F7D34E6}"
EndProject
Project("{2150E333-8FDC-42A3-9474-1A3956D46DE8}") = "02 - Dominio", "02 - Dominio", "{859BB582-4F4C-486D-BA8C-3F34B13BCA81}"
EndProject
Project("{FAE04EC0-301F-11D3-BF4B-00C04F79EFBC}") = "Galaxia.Dominio", "Dominio\Galaxia.Dominio.csproj", "{CE224EB9-3D88-4E46-A4C6-7EF009D28CC3}"
EndProject
Project("{2150E333-8FDC-42A3-9474-1A3956D46DE8}") = "04.1 - Infra", "04.1 - Infra", "{1F3377B8-5C53-4498-9668-121861F82246}"
EndProject
Project("{2150E333-8FDC-42A3-9474-1A3956D46DE8}") = "04.2 - DataBase", "04.2 - DataBase", "{4BFD6A81-08B7-48A2-82A0-77EC1AF3B837}"
EndProject
Project("{00D1A9C2-B5F0-4AF3-8072-F6C62B433612}") = "GalaxiaDatabase", "GalaxiaDatabase\GalaxiaDatabase.sqlproj", "{A612D768-FA18-4B7E-B8B4-8AA46A498CF8}"
EndProject
Project("{2150E333-8FDC-42A3-9474-1A3956D46DE8}") = "04.3 - Repositorio", "04.3 - Repositorio", "{DD072817-F4D3-45CB-ABCF-261FB28B651D}"
EndProject
Global
	GlobalSection(SolutionConfigurationPlatforms) = preSolution
		Debug|Any CPU = Debug|Any CPU
		Release|Any CPU = Release|Any CPU
	EndGlobalSection
	GlobalSection(ProjectConfigurationPlatforms) = postSolution
		{3B74625E-4FB9-4EBD-A604-FC37C486ED34}.Debug|Any CPU.ActiveCfg = Debug|Any CPU
		{3B74625E-4FB9-4EBD-A604-FC37C486ED34}.Debug|Any CPU.Build.0 = Debug|Any CPU
		{3B74625E-4FB9-4EBD-A604-FC37C486ED34}.Release|Any CPU.ActiveCfg = Release|Any CPU
		{3B74625E-4FB9-4EBD-A604-FC37C486ED34}.Release|Any CPU.Build.0 = Release|Any CPU
		{570D781E-0565-486A-AF76-2FF802D88E75}.Debug|Any CPU.ActiveCfg = Debug|Any CPU
		{570D781E-0565-486A-AF76-2FF802D88E75}.Debug|Any CPU.Build.0 = Debug|Any CPU
		{570D781E-0565-486A-AF76-2FF802D88E75}.Release|Any CPU.ActiveCfg = Release|Any CPU
		{570D781E-0565-486A-AF76-2FF802D88E75}.Release|Any CPU.Build.0 = Release|Any CPU
		{29B5335C-2F34-499D-9CBE-4D512F7D34E6}.Debug|Any CPU.ActiveCfg = Debug|Any CPU
		{29B5335C-2F34-499D-9CBE-4D512F7D34E6}.Debug|Any CPU.Build.0 = Debug|Any CPU
		{29B5335C-2F34-499D-9CBE-4D512F7D34E6}.Release|Any CPU.ActiveCfg = Release|Any CPU
		{29B5335C-2F34-499D-9CBE-4D512F7D34E6}.Release|Any CPU.Build.0 = Release|Any CPU
		{CE224EB9-3D88-4E46-A4C6-7EF009D28CC3}.Debug|Any CPU.ActiveCfg = Debug|Any CPU
		{CE224EB9-3D88-4E46-A4C6-7EF009D28CC3}.Debug|Any CPU.Build.0 = Debug|Any CPU
		{CE224EB9-3D88-4E46-A4C6-7EF009D28CC3}.Release|Any CPU.ActiveCfg = Release|Any CPU
		{CE224EB9-3D88-4E46-A4C6-7EF009D28CC3}.Release|Any CPU.Build.0 = Release|Any CPU
		{A612D768-FA18-4B7E-B8B4-8AA46A498CF8}.Debug|Any CPU.ActiveCfg = Debug|Any CPU
		{A612D768-FA18-4B7E-B8B4-8AA46A498CF8}.Debug|Any CPU.Build.0 = Debug|Any CPU
		{A612D768-FA18-4B7E-B8B4-8AA46A498CF8}.Debug|Any CPU.Deploy.0 = Debug|Any CPU
		{A612D768-FA18-4B7E-B8B4-8AA46A498CF8}.Release|Any CPU.ActiveCfg = Release|Any CPU
		{A612D768-FA18-4B7E-B8B4-8AA46A498CF8}.Release|Any CPU.Build.0 = Release|Any CPU
		{A612D768-FA18-4B7E-B8B4-8AA46A498CF8}.Release|Any CPU.Deploy.0 = Release|Any CPU
	EndGlobalSection
	GlobalSection(SolutionProperties) = preSolution
		HideSolutionNode = FALSE
	EndGlobalSection
	GlobalSection(NestedProjects) = preSolution
		{66CC158D-B842-4FD5-B058-9C06C0D859F9} = {0ED85BCC-0A35-4387-93F7-20ADB29339E1}
		{3B74625E-4FB9-4EBD-A604-FC37C486ED34} = {66CC158D-B842-4FD5-B058-9C06C0D859F9}
		{570D781E-0565-486A-AF76-2FF802D88E75} = {1F3377B8-5C53-4498-9668-121861F82246}
		{29B5335C-2F34-499D-9CBE-4D512F7D34E6} = {976C6526-816C-4750-898E-8A78E626D86F}
		{CE224EB9-3D88-4E46-A4C6-7EF009D28CC3} = {859BB582-4F4C-486D-BA8C-3F34B13BCA81}
		{1F3377B8-5C53-4498-9668-121861F82246} = {F104F24C-5C56-40D2-BF6D-712A406F3DB0}
		{4BFD6A81-08B7-48A2-82A0-77EC1AF3B837} = {F104F24C-5C56-40D2-BF6D-712A406F3DB0}
		{A612D768-FA18-4B7E-B8B4-8AA46A498CF8} = {4BFD6A81-08B7-48A2-82A0-77EC1AF3B837}
		{DD072817-F4D3-45CB-ABCF-261FB28B651D} = {F104F24C-5C56-40D2-BF6D-712A406F3DB0}
	EndGlobalSection
EndGlobal
